
Microsoft Visual Studio Solution File, Format Version 11.00
# Visual Studio 2010
Project("{FAE04EC0-301F-11D3-BF4B-00C04F79EFBC}") = "NHibernate.GettingStarted", "NHibernate.GettingStarted\NHibernate.GettingStarted.csproj", "{BB7D4C46-B83D-4073-958C-338198DBD476}"
EndProject
Global
	GlobalSection(SolutionConfigurationPlatforms) = preSolution
		Debug|x86 = Debug|x86
		Release|x86 = Release|x86
	EndGlobalSection
	GlobalSection(ProjectConfigurationPlatforms) = postSolution
		{BB7D4C46-B83D-4073-958C-338198DBD476}.Debug|x86.ActiveCfg = Debug|x86
		{BB7D4C46-B83D-4073-958C-338198DBD476}.Debug|x86.Build.0 = Debug|x86
		{BB7D4C46-B83D-4073-958C-338198DBD476}.Release|x86.ActiveCfg = Release|x86
		{BB7D4C46-B83D-4073-958C-338198DBD476}.Release|x86.Build.0 = Release|x86
	EndGlobalSection
	GlobalSection(SolutionProperties) = preSolution
		HideSolutionNode = FALSE
	EndGlobalSection
EndGlobal
